# THIS IS AN AUTOGENERATED FILE. DO NOT EDIT THIS FILE DIRECTLY.
# yarn lockfile v1


papaparse@^5.5.3:
  version "5.5.3"
  resolved "https://registry.yarnpkg.com/papaparse/-/papaparse-5.5.3.tgz#07f8994dec516c6dab266e952bed68e1de59fa9a"
  integrity sha512-5QvjGxYVjxO59MGU2lHVYpRWBBtKHnlIAcSe1uNFCkkptUh63NFRj0FJQm7nR67puEruUci/ZkjmEFrjCAyP4A==
